// !$*UTF8*$!
{
	archiveVersion = 1;
	classes = {
	};
	objectVersion = 52;
	objects = {

/* Begin PBXBuildFile section */
		2155C61220F7F45900367FA8 /* libc++.tbd in Frameworks */ = {isa = PBXBuildFile; fileRef = 2155C61120F7F45900367FA8 /* libc++.tbd */; };
		2155C61420F7F46500367FA8 /* WebKit.framework in Frameworks */ = {isa = PBXBuildFile; fileRef = 2155C61320F7F46500367FA8 /* WebKit.framework */; };
		2155C61620F7F47000367FA8 /* UserNotifications.framework in Frameworks */ = {isa = PBXBuildFile; fileRef = 2155C61520F7F47000367FA8 /* UserNotifications.framework */; };
		2155C61820F7F47B00367FA8 /* libz.tbd in Frameworks */ = {isa = PBXBuildFile; fileRef = 2155C61720F7F47B00367FA8 /* libz.tbd */; };
		3A00EE7A1C5ED1C300DE614A /* main.m in Sources */ = {isa = PBXBuildFile; fileRef = C9606AF718D9E22B00A8F275 /* main.m */; };
		3A00EE831C5ED1C300DE614A /* libsqlite3.dylib in Frameworks */ = {isa = PBXBuildFile; fileRef = C9606B3618D9E6FF00A8F275 /* libsqlite3.dylib */; };
		3A00EE841C5ED1C300DE614A /* SystemConfiguration.framework in Frameworks */ = {isa = PBXBuildFile; fileRef = C9606B3418D9E6EE00A8F275 /* SystemConfiguration.framework */; };
		3A00EE851C5ED1C300DE614A /* MediaPlayer.framework in Frameworks */ = {isa = PBXBuildFile; fileRef = C9606B3218D9E6E300A8F275 /* MediaPlayer.framework */; };
		3A00EE861C5ED1C300DE614A /* CoreGraphics.framework in Frameworks */ = {isa = PBXBuildFile; fileRef = C9606AED18D9E22B00A8F275 /* CoreGraphics.framework */; };
		3A00EE871C5ED1C300DE614A /* UIKit.framework in Frameworks */ = {isa = PBXBuildFile; fileRef = C9606AEF18D9E22B00A8F275 /* UIKit.framework */; };
		3A00EE881C5ED1C300DE614A /* Foundation.framework in Frameworks */ = {isa = PBXBuildFile; fileRef = C9606AEB18D9E22B00A8F275 /* Foundation.framework */; };
		3A50C07A1C615CCC00288017 /* AVKit.framework in Frameworks */ = {isa = PBXBuildFile; fileRef = 3A50C0791C615CCC00288017 /* AVKit.framework */; };
		3A50C07C1C615CD200288017 /* AVFoundation.framework in Frameworks */ = {isa = PBXBuildFile; fileRef = 3A50C07B1C615CD200288017 /* AVFoundation.framework */; };
		3A50C07E1C615CE000288017 /* AVKit.framework in Frameworks */ = {isa = PBXBuildFile; fileRef = 3A50C07D1C615CE000288017 /* AVKit.framework */; };
		3A50C0801C615CE500288017 /* AVFoundation.framework in Frameworks */ = {isa = PBXBuildFile; fileRef = 3A50C07F1C615CE500288017 /* AVFoundation.framework */; };
		3A50C08C1C615D0C00288017 /* VideoAnalyticsProvider.m in Sources */ = {isa = PBXBuildFile; fileRef = 3A50C0841C615D0C00288017 /* VideoAnalyticsProvider.m */; };
		3A50C08D1C615D0C00288017 /* VideoAnalyticsProvider.m in Sources */ = {isa = PBXBuildFile; fileRef = 3A50C0841C615D0C00288017 /* VideoAnalyticsProvider.m */; };
		3A50C08E1C615D0C00288017 /* AppDelegate.m in Sources */ = {isa = PBXBuildFile; fileRef = 3A50C0861C615D0C00288017 /* AppDelegate.m */; };
		3A50C08F1C615D0C00288017 /* AppDelegate.m in Sources */ = {isa = PBXBuildFile; fileRef = 3A50C0861C615D0C00288017 /* AppDelegate.m */; };
		3A50C0901C615D0C00288017 /* VideoPlayer.m in Sources */ = {isa = PBXBuildFile; fileRef = 3A50C0891C615D0C00288017 /* VideoPlayer.m */; };
		3A50C0911C615D0C00288017 /* VideoPlayer.m in Sources */ = {isa = PBXBuildFile; fileRef = 3A50C0891C615D0C00288017 /* VideoPlayer.m */; };
		3A50C0921C615D0C00288017 /* ViewController.m in Sources */ = {isa = PBXBuildFile; fileRef = 3A50C08B1C615D0C00288017 /* ViewController.m */; };
		3A50C0931C615D0C00288017 /* ViewController.m in Sources */ = {isa = PBXBuildFile; fileRef = 3A50C08B1C615D0C00288017 /* ViewController.m */; };
		3A50C0951C615D4200288017 /* CoreMedia.framework in Frameworks */ = {isa = PBXBuildFile; fileRef = 3A50C0941C615D4200288017 /* CoreMedia.framework */; };
		3A50C0971C615D4800288017 /* CoreMedia.framework in Frameworks */ = {isa = PBXBuildFile; fileRef = 3A50C0961C615D4800288017 /* CoreMedia.framework */; };
		3A50C09C1C615D5E00288017 /* InfoPlist.strings in Resources */ = {isa = PBXBuildFile; fileRef = 3A50C0991C615D5E00288017 /* InfoPlist.strings */; };
		3A50C09D1C615D5E00288017 /* InfoPlist.strings in Resources */ = {isa = PBXBuildFile; fileRef = 3A50C0991C615D5E00288017 /* InfoPlist.strings */; };
		3A50C09E1C615D5E00288017 /* Images.xcassets in Resources */ = {isa = PBXBuildFile; fileRef = 3A50C09B1C615D5E00288017 /* Images.xcassets */; };
		3A50C09F1C615D5E00288017 /* Images.xcassets in Resources */ = {isa = PBXBuildFile; fileRef = 3A50C09B1C615D5E00288017 /* Images.xcassets */; };
		AC0B4FAF258CB8B700A9EA91 /* MediaSDK.xcframework in Frameworks */ = {isa = PBXBuildFile; fileRef = AC0B4FAD258CB8B700A9EA91 /* MediaSDK.xcframework */; };
		AC0B4FB0258CB8B700A9EA91 /* AdobeMobile.xcframework in Frameworks */ = {isa = PBXBuildFile; fileRef = AC0B4FAE258CB8B700A9EA91 /* AdobeMobile.xcframework */; };
		AC0B4FB5258CB9E900A9EA91 /* ADBMobileConfig.json in Resources */ = {isa = PBXBuildFile; fileRef = CDB957732187CA800078F434 /* ADBMobileConfig.json */; };
		AC0B4FC4258CBB3800A9EA91 /* MediaSDKTV.xcframework in Frameworks */ = {isa = PBXBuildFile; fileRef = AC0B4FC2258CBB3800A9EA91 /* MediaSDKTV.xcframework */; };
		AC0B4FC5258CBB3800A9EA91 /* AdobeMobileTV.xcframework in Frameworks */ = {isa = PBXBuildFile; fileRef = AC0B4FC3258CBB3800A9EA91 /* AdobeMobileTV.xcframework */; };
		C9606AEC18D9E22B00A8F275 /* Foundation.framework in Frameworks */ = {isa = PBXBuildFile; fileRef = C9606AEB18D9E22B00A8F275 /* Foundation.framework */; };
		C9606AEE18D9E22B00A8F275 /* CoreGraphics.framework in Frameworks */ = {isa = PBXBuildFile; fileRef = C9606AED18D9E22B00A8F275 /* CoreGraphics.framework */; };
		C9606AF018D9E22B00A8F275 /* UIKit.framework in Frameworks */ = {isa = PBXBuildFile; fileRef = C9606AEF18D9E22B00A8F275 /* UIKit.framework */; };
		C9606AF818D9E22B00A8F275 /* main.m in Sources */ = {isa = PBXBuildFile; fileRef = C9606AF718D9E22B00A8F275 /* main.m */; };
		C9606B3318D9E6E300A8F275 /* MediaPlayer.framework in Frameworks */ = {isa = PBXBuildFile; fileRef = C9606B3218D9E6E300A8F275 /* MediaPlayer.framework */; };
		C9606B3518D9E6EE00A8F275 /* SystemConfiguration.framework in Frameworks */ = {isa = PBXBuildFile; fileRef = C9606B3418D9E6EE00A8F275 /* SystemConfiguration.framework */; };
		C9606B3718D9E6FF00A8F275 /* libsqlite3.dylib in Frameworks */ = {isa = PBXBuildFile; fileRef = C9606B3618D9E6FF00A8F275 /* libsqlite3.dylib */; };
		CDB957752187CAB10078F434 /* ADBMobileConfig.json in Resources */ = {isa = PBXBuildFile; fileRef = CDB957732187CA800078F434 /* ADBMobileConfig.json */; };
/* End PBXBuildFile section */

/* Begin PBXFileReference section */
		2155C61120F7F45900367FA8 /* libc++.tbd */ = {isa = PBXFileReference; lastKnownFileType = "sourcecode.text-based-dylib-definition"; name = "libc++.tbd"; path = "usr/lib/libc++.tbd"; sourceTree = SDKROOT; };
		2155C61320F7F46500367FA8 /* WebKit.framework */ = {isa = PBXFileReference; lastKnownFileType = wrapper.framework; name = WebKit.framework; path = System/Library/Frameworks/WebKit.framework; sourceTree = SDKROOT; };
		2155C61520F7F47000367FA8 /* UserNotifications.framework */ = {isa = PBXFileReference; lastKnownFileType = wrapper.framework; name = UserNotifications.framework; path = System/Library/Frameworks/UserNotifications.framework; sourceTree = SDKROOT; };
		2155C61720F7F47B00367FA8 /* libz.tbd */ = {isa = PBXFileReference; lastKnownFileType = "sourcecode.text-based-dylib-definition"; name = libz.tbd; path = usr/lib/libz.tbd; sourceTree = SDKROOT; };
		3A00EE931C5ED1C300DE614A /* BasicPlayerSample-tv.app */ = {isa = PBXFileReference; explicitFileType = wrapper.application; includeInIndex = 0; path = "BasicPlayerSample-tv.app"; sourceTree = BUILT_PRODUCTS_DIR; };
		3A50C0791C615CCC00288017 /* AVKit.framework */ = {isa = PBXFileReference; lastKnownFileType = wrapper.framework; name = AVKit.framework; path = System/Library/Frameworks/AVKit.framework; sourceTree = SDKROOT; };
		3A50C07B1C615CD200288017 /* AVFoundation.framework */ = {isa = PBXFileReference; lastKnownFileType = wrapper.framework; name = AVFoundation.framework; path = System/Library/Frameworks/AVFoundation.framework; sourceTree = SDKROOT; };
		3A50C07D1C615CE000288017 /* AVKit.framework */ = {isa = PBXFileReference; lastKnownFileType = wrapper.framework; name = AVKit.framework; path = Platforms/AppleTVOS.platform/Developer/SDKs/AppleTVOS9.1.sdk/System/Library/Frameworks/AVKit.framework; sourceTree = DEVELOPER_DIR; };
		3A50C07F1C615CE500288017 /* AVFoundation.framework */ = {isa = PBXFileReference; lastKnownFileType = wrapper.framework; name = AVFoundation.framework; path = Platforms/AppleTVOS.platform/Developer/SDKs/AppleTVOS9.1.sdk/System/Library/Frameworks/AVFoundation.framework; sourceTree = DEVELOPER_DIR; };
		3A50C0831C615D0C00288017 /* VideoAnalyticsProvider.h */ = {isa = PBXFileReference; fileEncoding = 4; lastKnownFileType = sourcecode.c.h; path = VideoAnalyticsProvider.h; sourceTree = "<group>"; };
		3A50C0841C615D0C00288017 /* VideoAnalyticsProvider.m */ = {isa = PBXFileReference; fileEncoding = 4; lastKnownFileType = sourcecode.c.objc; path = VideoAnalyticsProvider.m; sourceTree = "<group>"; };
		3A50C0851C615D0C00288017 /* AppDelegate.h */ = {isa = PBXFileReference; fileEncoding = 4; lastKnownFileType = sourcecode.c.h; path = AppDelegate.h; sourceTree = "<group>"; };
		3A50C0861C615D0C00288017 /* AppDelegate.m */ = {isa = PBXFileReference; fileEncoding = 4; lastKnownFileType = sourcecode.c.objc; path = AppDelegate.m; sourceTree = "<group>"; };
		3A50C0881C615D0C00288017 /* VideoPlayer.h */ = {isa = PBXFileReference; fileEncoding = 4; lastKnownFileType = sourcecode.c.h; path = VideoPlayer.h; sourceTree = "<group>"; };
		3A50C0891C615D0C00288017 /* VideoPlayer.m */ = {isa = PBXFileReference; fileEncoding = 4; lastKnownFileType = sourcecode.c.objc; path = VideoPlayer.m; sourceTree = "<group>"; };
		3A50C08A1C615D0C00288017 /* ViewController.h */ = {isa = PBXFileReference; fileEncoding = 4; lastKnownFileType = sourcecode.c.h; path = ViewController.h; sourceTree = "<group>"; };
		3A50C08B1C615D0C00288017 /* ViewController.m */ = {isa = PBXFileReference; fileEncoding = 4; lastKnownFileType = sourcecode.c.objc; path = ViewController.m; sourceTree = "<group>"; };
		3A50C0941C615D4200288017 /* CoreMedia.framework */ = {isa = PBXFileReference; lastKnownFileType = wrapper.framework; name = CoreMedia.framework; path = System/Library/Frameworks/CoreMedia.framework; sourceTree = SDKROOT; };
		3A50C0961C615D4800288017 /* CoreMedia.framework */ = {isa = PBXFileReference; lastKnownFileType = wrapper.framework; name = CoreMedia.framework; path = Platforms/AppleTVOS.platform/Developer/SDKs/AppleTVOS9.1.sdk/System/Library/Frameworks/CoreMedia.framework; sourceTree = DEVELOPER_DIR; };
		3A50C09A1C615D5E00288017 /* en */ = {isa = PBXFileReference; lastKnownFileType = text.plist.strings; name = en; path = en.lproj/InfoPlist.strings; sourceTree = "<group>"; };
		3A50C09B1C615D5E00288017 /* Images.xcassets */ = {isa = PBXFileReference; lastKnownFileType = folder.assetcatalog; path = Images.xcassets; sourceTree = "<group>"; };
		AC0B4FAD258CB8B700A9EA91 /* MediaSDK.xcframework */ = {isa = PBXFileReference; lastKnownFileType = wrapper.xcframework; name = MediaSDK.xcframework; path = libs/MediaSDK.xcframework; sourceTree = "<group>"; };
		AC0B4FAE258CB8B700A9EA91 /* AdobeMobile.xcframework */ = {isa = PBXFileReference; lastKnownFileType = wrapper.xcframework; name = AdobeMobile.xcframework; path = libs/AdobeMobile.xcframework; sourceTree = "<group>"; };
		AC0B4FC2258CBB3800A9EA91 /* MediaSDKTV.xcframework */ = {isa = PBXFileReference; lastKnownFileType = wrapper.xcframework; name = MediaSDKTV.xcframework; path = libs/MediaSDKTV.xcframework; sourceTree = "<group>"; };
		AC0B4FC3258CBB3800A9EA91 /* AdobeMobileTV.xcframework */ = {isa = PBXFileReference; lastKnownFileType = wrapper.xcframework; name = AdobeMobileTV.xcframework; path = libs/AdobeMobileTV.xcframework; sourceTree = "<group>"; };
		C9606AE818D9E22B00A8F275 /* BasicPlayerSample.app */ = {isa = PBXFileReference; explicitFileType = wrapper.application; includeInIndex = 0; path = BasicPlayerSample.app; sourceTree = BUILT_PRODUCTS_DIR; };
		C9606AEB18D9E22B00A8F275 /* Foundation.framework */ = {isa = PBXFileReference; lastKnownFileType = wrapper.framework; name = Foundation.framework; path = System/Library/Frameworks/Foundation.framework; sourceTree = SDKROOT; };
		C9606AED18D9E22B00A8F275 /* CoreGraphics.framework */ = {isa = PBXFileReference; lastKnownFileType = wrapper.framework; name = CoreGraphics.framework; path = System/Library/Frameworks/CoreGraphics.framework; sourceTree = SDKROOT; };
		C9606AEF18D9E22B00A8F275 /* UIKit.framework */ = {isa = PBXFileReference; lastKnownFileType = wrapper.framework; name = UIKit.framework; path = System/Library/Frameworks/UIKit.framework; sourceTree = SDKROOT; };
		C9606AF318D9E22B00A8F275 /* BasicPlayerSample-Info.plist */ = {isa = PBXFileReference; lastKnownFileType = text.plist.xml; path = "BasicPlayerSample-Info.plist"; sourceTree = "<group>"; };
		C9606AF718D9E22B00A8F275 /* main.m */ = {isa = PBXFileReference; lastKnownFileType = sourcecode.c.objc; path = main.m; sourceTree = "<group>"; };
		C9606AF918D9E22B00A8F275 /* BasicPlayerSample-Prefix.pch */ = {isa = PBXFileReference; lastKnownFileType = sourcecode.c.h; path = "BasicPlayerSample-Prefix.pch"; sourceTree = "<group>"; };
		C9606B3218D9E6E300A8F275 /* MediaPlayer.framework */ = {isa = PBXFileReference; lastKnownFileType = wrapper.framework; name = MediaPlayer.framework; path = System/Library/Frameworks/MediaPlayer.framework; sourceTree = SDKROOT; };
		C9606B3418D9E6EE00A8F275 /* SystemConfiguration.framework */ = {isa = PBXFileReference; lastKnownFileType = wrapper.framework; name = SystemConfiguration.framework; path = System/Library/Frameworks/SystemConfiguration.framework; sourceTree = SDKROOT; };
		C9606B3618D9E6FF00A8F275 /* libsqlite3.dylib */ = {isa = PBXFileReference; lastKnownFileType = "compiled.mach-o.dylib"; name = libsqlite3.dylib; path = usr/lib/libsqlite3.dylib; sourceTree = SDKROOT; };
		CDB957732187CA800078F434 /* ADBMobileConfig.json */ = {isa = PBXFileReference; lastKnownFileType = text.json; name = ADBMobileConfig.json; path = libs/ADBMobileConfig.json; sourceTree = "<group>"; };
/* End PBXFileReference section */

/* Begin PBXFrameworksBuildPhase section */
		3A00EE801C5ED1C300DE614A /* Frameworks */ = {
			isa = PBXFrameworksBuildPhase;
			buildActionMask = 2147483647;
			files = (
				AC0B4FC4258CBB3800A9EA91 /* MediaSDKTV.xcframework in Frameworks */,
				AC0B4FC5258CBB3800A9EA91 /* AdobeMobileTV.xcframework in Frameworks */,
				3A00EE831C5ED1C300DE614A /* libsqlite3.dylib in Frameworks */,
				3A50C0971C615D4800288017 /* CoreMedia.framework in Frameworks */,
				3A50C07E1C615CE000288017 /* AVKit.framework in Frameworks */,
				3A50C0801C615CE500288017 /* AVFoundation.framework in Frameworks */,
				3A00EE841C5ED1C300DE614A /* SystemConfiguration.framework in Frameworks */,
				3A00EE851C5ED1C300DE614A /* MediaPlayer.framework in Frameworks */,
				3A00EE861C5ED1C300DE614A /* CoreGraphics.framework in Frameworks */,
				3A00EE871C5ED1C300DE614A /* UIKit.framework in Frameworks */,
				3A00EE881C5ED1C300DE614A /* Foundation.framework in Frameworks */,
			);
			runOnlyForDeploymentPostprocessing = 0;
		};
		C9606AE518D9E22B00A8F275 /* Frameworks */ = {
			isa = PBXFrameworksBuildPhase;
			buildActionMask = 2147483647;
			files = (
				AC0B4FAF258CB8B700A9EA91 /* MediaSDK.xcframework in Frameworks */,
				AC0B4FB0258CB8B700A9EA91 /* AdobeMobile.xcframework in Frameworks */,
				2155C61820F7F47B00367FA8 /* libz.tbd in Frameworks */,
				2155C61220F7F45900367FA8 /* libc++.tbd in Frameworks */,
				C9606B3718D9E6FF00A8F275 /* libsqlite3.dylib in Frameworks */,
				2155C61620F7F47000367FA8 /* UserNotifications.framework in Frameworks */,
				2155C61420F7F46500367FA8 /* WebKit.framework in Frameworks */,
				3A50C0951C615D4200288017 /* CoreMedia.framework in Frameworks */,
				3A50C07C1C615CD200288017 /* AVFoundation.framework in Frameworks */,
				3A50C07A1C615CCC00288017 /* AVKit.framework in Frameworks */,
				C9606B3518D9E6EE00A8F275 /* SystemConfiguration.framework in Frameworks */,
				C9606B3318D9E6E300A8F275 /* MediaPlayer.framework in Frameworks */,
				C9606AEE18D9E22B00A8F275 /* CoreGraphics.framework in Frameworks */,
				C9606AF018D9E22B00A8F275 /* UIKit.framework in Frameworks */,
				C9606AEC18D9E22B00A8F275 /* Foundation.framework in Frameworks */,
			);
			runOnlyForDeploymentPostprocessing = 0;
		};
/* End PBXFrameworksBuildPhase section */

/* Begin PBXGroup section */
		3A50C0811C615D0C00288017 /* Classes */ = {
			isa = PBXGroup;
			children = (
				3A50C0821C615D0C00288017 /* analytics */,
				3A50C0871C615D0C00288017 /* player */,
				3A50C0851C615D0C00288017 /* AppDelegate.h */,
				3A50C0861C615D0C00288017 /* AppDelegate.m */,
				3A50C08A1C615D0C00288017 /* ViewController.h */,
				3A50C08B1C615D0C00288017 /* ViewController.m */,
			);
			path = Classes;
			sourceTree = "<group>";
		};
		3A50C0821C615D0C00288017 /* analytics */ = {
			isa = PBXGroup;
			children = (
				3A50C0831C615D0C00288017 /* VideoAnalyticsProvider.h */,
				3A50C0841C615D0C00288017 /* VideoAnalyticsProvider.m */,
			);
			path = analytics;
			sourceTree = "<group>";
		};
		3A50C0871C615D0C00288017 /* player */ = {
			isa = PBXGroup;
			children = (
				3A50C0881C615D0C00288017 /* VideoPlayer.h */,
				3A50C0891C615D0C00288017 /* VideoPlayer.m */,
			);
			path = player;
			sourceTree = "<group>";
		};
		3A50C0981C615D5E00288017 /* Resources */ = {
			isa = PBXGroup;
			children = (
				3A50C0991C615D5E00288017 /* InfoPlist.strings */,
				3A50C09B1C615D5E00288017 /* Images.xcassets */,
			);
			name = Resources;
			path = BasicPlayerSample/Resources;
			sourceTree = "<group>";
		};
		C9606ADF18D9E22B00A8F275 = {
			isa = PBXGroup;
			children = (
				CDB957732187CA800078F434 /* ADBMobileConfig.json */,
				C9606AF118D9E22B00A8F275 /* BasicPlayerSample */,
				3A50C0981C615D5E00288017 /* Resources */,
				C9606AEA18D9E22B00A8F275 /* Frameworks */,
				C9606AE918D9E22B00A8F275 /* Products */,
			);
			sourceTree = "<group>";
		};
		C9606AE918D9E22B00A8F275 /* Products */ = {
			isa = PBXGroup;
			children = (
				C9606AE818D9E22B00A8F275 /* BasicPlayerSample.app */,
				3A00EE931C5ED1C300DE614A /* BasicPlayerSample-tv.app */,
			);
			name = Products;
			sourceTree = "<group>";
		};
		C9606AEA18D9E22B00A8F275 /* Frameworks */ = {
			isa = PBXGroup;
			children = (
				AC0B4FC3258CBB3800A9EA91 /* AdobeMobileTV.xcframework */,
				AC0B4FC2258CBB3800A9EA91 /* MediaSDKTV.xcframework */,
				AC0B4FAE258CB8B700A9EA91 /* AdobeMobile.xcframework */,
				AC0B4FAD258CB8B700A9EA91 /* MediaSDK.xcframework */,
				2155C61720F7F47B00367FA8 /* libz.tbd */,
				2155C61520F7F47000367FA8 /* UserNotifications.framework */,
				2155C61320F7F46500367FA8 /* WebKit.framework */,
				2155C61120F7F45900367FA8 /* libc++.tbd */,
				3A50C0961C615D4800288017 /* CoreMedia.framework */,
				3A50C0941C615D4200288017 /* CoreMedia.framework */,
				3A50C07F1C615CE500288017 /* AVFoundation.framework */,
				3A50C07D1C615CE000288017 /* AVKit.framework */,
				3A50C07B1C615CD200288017 /* AVFoundation.framework */,
				3A50C0791C615CCC00288017 /* AVKit.framework */,
				C9606B3618D9E6FF00A8F275 /* libsqlite3.dylib */,
				C9606B3418D9E6EE00A8F275 /* SystemConfiguration.framework */,
				C9606B3218D9E6E300A8F275 /* MediaPlayer.framework */,
				C9606AEB18D9E22B00A8F275 /* Foundation.framework */,
				C9606AED18D9E22B00A8F275 /* CoreGraphics.framework */,
				C9606AEF18D9E22B00A8F275 /* UIKit.framework */,
			);
			name = Frameworks;
			sourceTree = "<group>";
		};
		C9606AF118D9E22B00A8F275 /* BasicPlayerSample */ = {
			isa = PBXGroup;
			children = (
				3A50C0811C615D0C00288017 /* Classes */,
				C9606AF218D9E22B00A8F275 /* Supporting Files */,
			);
			path = BasicPlayerSample;
			sourceTree = "<group>";
		};
		C9606AF218D9E22B00A8F275 /* Supporting Files */ = {
			isa = PBXGroup;
			children = (
				C9606AF318D9E22B00A8F275 /* BasicPlayerSample-Info.plist */,
				C9606AF718D9E22B00A8F275 /* main.m */,
				C9606AF918D9E22B00A8F275 /* BasicPlayerSample-Prefix.pch */,
			);
			name = "Supporting Files";
			sourceTree = "<group>";
		};
/* End PBXGroup section */

/* Begin PBXNativeTarget section */
		3A00EE741C5ED1C300DE614A /* BasicPlayerSample-tv */ = {
			isa = PBXNativeTarget;
			buildConfigurationList = 3A00EE901C5ED1C300DE614A /* Build configuration list for PBXNativeTarget "BasicPlayerSample-tv" */;
			buildPhases = (
				3A00EE751C5ED1C300DE614A /* Sources */,
				3A00EE801C5ED1C300DE614A /* Frameworks */,
				3A00EE891C5ED1C300DE614A /* Resources */,
			);
			buildRules = (
			);
			dependencies = (
			);
			name = "BasicPlayerSample-tv";
			productName = BasicPlayerSample;
			productReference = 3A00EE931C5ED1C300DE614A /* BasicPlayerSample-tv.app */;
			productType = "com.apple.product-type.application";
		};
		C9606AE718D9E22B00A8F275 /* BasicPlayerSample */ = {
			isa = PBXNativeTarget;
			buildConfigurationList = C9606B1D18D9E22B00A8F275 /* Build configuration list for PBXNativeTarget "BasicPlayerSample" */;
			buildPhases = (
				C9606AE418D9E22B00A8F275 /* Sources */,
				C9606AE518D9E22B00A8F275 /* Frameworks */,
				C9606AE618D9E22B00A8F275 /* Resources */,
			);
			buildRules = (
			);
			dependencies = (
			);
			name = BasicPlayerSample;
			productName = BasicPlayerSample;
			productReference = C9606AE818D9E22B00A8F275 /* BasicPlayerSample.app */;
			productType = "com.apple.product-type.application";
		};
/* End PBXNativeTarget section */

/* Begin PBXProject section */
		C9606AE018D9E22B00A8F275 /* Project object */ = {
			isa = PBXProject;
			attributes = {
				LastUpgradeCheck = 0720;
				ORGANIZATIONNAME = Adobe;
			};
			buildConfigurationList = C9606AE318D9E22B00A8F275 /* Build configuration list for PBXProject "BasicPlayerSample" */;
			compatibilityVersion = "Xcode 3.2";
			developmentRegion = English;
			hasScannedForEncodings = 0;
			knownRegions = (
				English,
				en,
				Base,
			);
			mainGroup = C9606ADF18D9E22B00A8F275;
			productRefGroup = C9606AE918D9E22B00A8F275 /* Products */;
			projectDirPath = "";
			projectRoot = "";
			targets = (
				C9606AE718D9E22B00A8F275 /* BasicPlayerSample */,
				3A00EE741C5ED1C300DE614A /* BasicPlayerSample-tv */,
			);
		};
/* End PBXProject section */

/* Begin PBXResourcesBuildPhase section */
		3A00EE891C5ED1C300DE614A /* Resources */ = {
			isa = PBXResourcesBuildPhase;
			buildActionMask = 2147483647;
			files = (
				CDB957752187CAB10078F434 /* ADBMobileConfig.json in Resources */,
				3A50C09F1C615D5E00288017 /* Images.xcassets in Resources */,
				3A50C09D1C615D5E00288017 /* InfoPlist.strings in Resources */,
			);
			runOnlyForDeploymentPostprocessing = 0;
		};
		C9606AE618D9E22B00A8F275 /* Resources */ = {
			isa = PBXResourcesBuildPhase;
			buildActionMask = 2147483647;
			files = (
				AC0B4FB5258CB9E900A9EA91 /* ADBMobileConfig.json in Resources */,
				3A50C09E1C615D5E00288017 /* Images.xcassets in Resources */,
				3A50C09C1C615D5E00288017 /* InfoPlist.strings in Resources */,
			);
			runOnlyForDeploymentPostprocessing = 0;
		};
/* End PBXResourcesBuildPhase section */

/* Begin PBXSourcesBuildPhase section */
		3A00EE751C5ED1C300DE614A /* Sources */ = {
			isa = PBXSourcesBuildPhase;
			buildActionMask = 2147483647;
			files = (
				3A50C0931C615D0C00288017 /* ViewController.m in Sources */,
				3A50C08D1C615D0C00288017 /* VideoAnalyticsProvider.m in Sources */,
				3A00EE7A1C5ED1C300DE614A /* main.m in Sources */,
				3A50C08F1C615D0C00288017 /* AppDelegate.m in Sources */,
				3A50C0911C615D0C00288017 /* VideoPlayer.m in Sources */,
			);
			runOnlyForDeploymentPostprocessing = 0;
		};
		C9606AE418D9E22B00A8F275 /* Sources */ = {
			isa = PBXSourcesBuildPhase;
			buildActionMask = 2147483647;
			files = (
				3A50C0921C615D0C00288017 /* ViewController.m in Sources */,
				3A50C08C1C615D0C00288017 /* VideoAnalyticsProvider.m in Sources */,
				C9606AF818D9E22B00A8F275 /* main.m in Sources */,
				3A50C08E1C615D0C00288017 /* AppDelegate.m in Sources */,
				3A50C0901C615D0C00288017 /* VideoPlayer.m in Sources */,
			);
			runOnlyForDeploymentPostprocessing = 0;
		};
/* End PBXSourcesBuildPhase section */

/* Begin PBXVariantGroup section */
		3A50C0991C615D5E00288017 /* InfoPlist.strings */ = {
			isa = PBXVariantGroup;
			children = (
				3A50C09A1C615D5E00288017 /* en */,
			);
			name = InfoPlist.strings;
			sourceTree = "<group>";
		};
/* End PBXVariantGroup section */

/* Begin XCBuildConfiguration section */
		3A00EE911C5ED1C300DE614A /* Debug */ = {
			isa = XCBuildConfiguration;
			buildSettings = {
				CLANG_ENABLE_OBJC_ARC = YES;
				CLANG_MODULES_AUTOLINK = NO;
				GCC_PRECOMPILE_PREFIX_HEADER = YES;
				GCC_PREFIX_HEADER = "BasicPlayerSample/BasicPlayerSample-Prefix.pch";
				HEADER_SEARCH_PATHS = (
					"$(inherited)/**",
					"libs/AdobeMobileTV.xcframework/**",
				);
				INFOPLIST_FILE = "BasicPlayerSample/BasicPlayerSample-Info.plist";
				IPHONEOS_DEPLOYMENT_TARGET = 9.0;
				LIBRARY_SEARCH_PATHS = "";
				PRODUCT_BUNDLE_IDENTIFIER = com.adobe.primetime.va.BasicPlayerSample;
				PRODUCT_NAME = "$(TARGET_NAME)";
				SDKROOT = appletvos;
				TARGETED_DEVICE_FAMILY = 3;
				WRAPPER_EXTENSION = app;
			};
			name = Debug;
		};
		3A00EE921C5ED1C300DE614A /* Release */ = {
			isa = XCBuildConfiguration;
			buildSettings = {
				CLANG_ENABLE_OBJC_ARC = YES;
				CLANG_MODULES_AUTOLINK = NO;
				GCC_PRECOMPILE_PREFIX_HEADER = YES;
				GCC_PREFIX_HEADER = "BasicPlayerSample/BasicPlayerSample-Prefix.pch";
				HEADER_SEARCH_PATHS = (
					"$(inherited)/**",
					"libs/AdobeMobileTV.xcframework/**",
				);
				INFOPLIST_FILE = "BasicPlayerSample/BasicPlayerSample-Info.plist";
				IPHONEOS_DEPLOYMENT_TARGET = 9.0;
				LIBRARY_SEARCH_PATHS = "";
				PRODUCT_BUNDLE_IDENTIFIER = com.adobe.primetime.va.BasicPlayerSample;
				PRODUCT_NAME = "$(TARGET_NAME)";
				SDKROOT = appletvos;
				TARGETED_DEVICE_FAMILY = 3;
				WRAPPER_EXTENSION = app;
			};
			name = Release;
		};
		C9606B1B18D9E22B00A8F275 /* Debug */ = {
			isa = XCBuildConfiguration;
			buildSettings = {
				ALWAYS_SEARCH_USER_PATHS = NO;
				CLANG_CXX_LANGUAGE_STANDARD = "gnu++0x";
				CLANG_CXX_LIBRARY = "libc++";
				CLANG_ENABLE_MODULES = YES;
				CLANG_ENABLE_OBJC_ARC = YES;
				CLANG_WARN_BOOL_CONVERSION = YES;
				CLANG_WARN_CONSTANT_CONVERSION = YES;
				CLANG_WARN_DIRECT_OBJC_ISA_USAGE = YES_ERROR;
				CLANG_WARN_EMPTY_BODY = YES;
				CLANG_WARN_ENUM_CONVERSION = YES;
				CLANG_WARN_INT_CONVERSION = YES;
				CLANG_WARN_OBJC_ROOT_CLASS = YES_ERROR;
				CLANG_WARN__DUPLICATE_METHOD_MATCH = YES;
				"CODE_SIGN_IDENTITY[sdk=iphoneos*]" = "iPhone Developer";
				COPY_PHASE_STRIP = NO;
				ENABLE_TESTABILITY = YES;
				GCC_C_LANGUAGE_STANDARD = gnu99;
				GCC_DYNAMIC_NO_PIC = NO;
				GCC_OPTIMIZATION_LEVEL = 0;
				GCC_PREPROCESSOR_DEFINITIONS = (
					"DEBUG=1",
					"$(inherited)",
				);
				GCC_SYMBOLS_PRIVATE_EXTERN = NO;
				GCC_WARN_64_TO_32_BIT_CONVERSION = YES;
				GCC_WARN_ABOUT_RETURN_TYPE = YES_ERROR;
				GCC_WARN_UNDECLARED_SELECTOR = YES;
				GCC_WARN_UNINITIALIZED_AUTOS = YES_AGGRESSIVE;
				GCC_WARN_UNUSED_FUNCTION = YES;
				GCC_WARN_UNUSED_VARIABLE = YES;
				HEADER_SEARCH_PATHS = "$(inherited)";
				IPHONEOS_DEPLOYMENT_TARGET = 8.1;
				ONLY_ACTIVE_ARCH = YES;
				OTHER_LDFLAGS = "";
				SDKROOT = iphoneos;
				TARGETED_DEVICE_FAMILY = "1,2";
			};
			name = Debug;
		};
		C9606B1C18D9E22B00A8F275 /* Release */ = {
			isa = XCBuildConfiguration;
			buildSettings = {
				ALWAYS_SEARCH_USER_PATHS = NO;
				CLANG_CXX_LANGUAGE_STANDARD = "gnu++0x";
				CLANG_CXX_LIBRARY = "libc++";
				CLANG_ENABLE_MODULES = YES;
				CLANG_ENABLE_OBJC_ARC = YES;
				CLANG_WARN_BOOL_CONVERSION = YES;
				CLANG_WARN_CONSTANT_CONVERSION = YES;
				CLANG_WARN_DIRECT_OBJC_ISA_USAGE = YES_ERROR;
				CLANG_WARN_EMPTY_BODY = YES;
				CLANG_WARN_ENUM_CONVERSION = YES;
				CLANG_WARN_INT_CONVERSION = YES;
				CLANG_WARN_OBJC_ROOT_CLASS = YES_ERROR;
				CLANG_WARN__DUPLICATE_METHOD_MATCH = YES;
				"CODE_SIGN_IDENTITY[sdk=iphoneos*]" = "iPhone Developer";
				COPY_PHASE_STRIP = YES;
				ENABLE_NS_ASSERTIONS = NO;
				GCC_C_LANGUAGE_STANDARD = gnu99;
				GCC_WARN_64_TO_32_BIT_CONVERSION = YES;
				GCC_WARN_ABOUT_RETURN_TYPE = YES_ERROR;
				GCC_WARN_UNDECLARED_SELECTOR = YES;
				GCC_WARN_UNINITIALIZED_AUTOS = YES_AGGRESSIVE;
				GCC_WARN_UNUSED_FUNCTION = YES;
				GCC_WARN_UNUSED_VARIABLE = YES;
				HEADER_SEARCH_PATHS = "$(inherited)";
				IPHONEOS_DEPLOYMENT_TARGET = 8.1;
				OTHER_LDFLAGS = "";
				SDKROOT = iphoneos;
				TARGETED_DEVICE_FAMILY = "1,2";
				VALIDATE_PRODUCT = YES;
			};
			name = Release;
		};
		C9606B1E18D9E22B00A8F275 /* Debug */ = {
			isa = XCBuildConfiguration;
			buildSettings = {
				CLANG_ENABLE_OBJC_ARC = YES;
				CLANG_MODULES_AUTOLINK = NO;
				GCC_PRECOMPILE_PREFIX_HEADER = YES;
				GCC_PREFIX_HEADER = "BasicPlayerSample/BasicPlayerSample-Prefix.pch";
				GCC_PREPROCESSOR_DEFINITIONS = "DEBUG=1";
				HEADER_SEARCH_PATHS = (
					"$(inherited)/**",
					"libs/AdobeMobile.xcframework/**",
				);
				INFOPLIST_FILE = "BasicPlayerSample/BasicPlayerSample-Info.plist";
				IPHONEOS_DEPLOYMENT_TARGET = 9.0;
				LIBRARY_SEARCH_PATHS = "";
				PRODUCT_BUNDLE_IDENTIFIER = com.adobe.primetime.va.BasicPlayerSample;
				PRODUCT_NAME = BasicPlayerSample;
				WRAPPER_EXTENSION = app;
			};
			name = Debug;
		};
		C9606B1F18D9E22B00A8F275 /* Release */ = {
			isa = XCBuildConfiguration;
			buildSettings = {
				CLANG_ENABLE_OBJC_ARC = YES;
				CLANG_MODULES_AUTOLINK = NO;
				GCC_PRECOMPILE_PREFIX_HEADER = YES;
				GCC_PREFIX_HEADER = "BasicPlayerSample/BasicPlayerSample-Prefix.pch";
				HEADER_SEARCH_PATHS = (
					"$(inherited)/**",
					"libs/AdobeMobile.xcframework/**",
				);
				INFOPLIST_FILE = "BasicPlayerSample/BasicPlayerSample-Info.plist";
				IPHONEOS_DEPLOYMENT_TARGET = 9.0;
				LIBRARY_SEARCH_PATHS = "";
				PRODUCT_BUNDLE_IDENTIFIER = com.adobe.primetime.va.BasicPlayerSample;
				PRODUCT_NAME = BasicPlayerSample;
				WRAPPER_EXTENSION = app;
			};
			name = Release;
		};
/* End XCBuildConfiguration section */

/* Begin XCConfigurationList section */
		3A00EE901C5ED1C300DE614A /* Build configuration list for PBXNativeTarget "BasicPlayerSample-tv" */ = {
			isa = XCConfigurationList;
			buildConfigurations = (
				3A00EE911C5ED1C300DE614A /* Debug */,
				3A00EE921C5ED1C300DE614A /* Release */,
			);
			defaultConfigurationIsVisible = 0;
			defaultConfigurationName = Release;
		};
		C9606AE318D9E22B00A8F275 /* Build configuration list for PBXProject "BasicPlayerSample" */ = {
			isa = XCConfigurationList;
			buildConfigurations = (
				C9606B1B18D9E22B00A8F275 /* Debug */,
				C9606B1C18D9E22B00A8F275 /* Release */,
			);
			defaultConfigurationIsVisible = 0;
			defaultConfigurationName = Release;
		};
		C9606B1D18D9E22B00A8F275 /* Build configuration list for PBXNativeTarget "BasicPlayerSample" */ = {
			isa = XCConfigurationList;
			buildConfigurations = (
				C9606B1E18D9E22B00A8F275 /* Debug */,
				C9606B1F18D9E22B00A8F275 /* Release */,
			);
			defaultConfigurationIsVisible = 0;
			defaultConfigurationName = Release;
		};
/* End XCConfigurationList section */
	};
	rootObject = C9606AE018D9E22B00A8F275 /* Project object */;
}
